
Microsoft Visual Studio Solution File, Format Version 12.00
# Visual Studio Version 17
VisualStudioVersion = 17.5.33530.505
MinimumVisualStudioVersion = 10.0.40219.1
Project("{FAE04EC0-301F-11D3-BF4B-00C04F79EFBC}") = "InteriorAngleTool", "InteriorAngleTool\InteriorAngleTool.csproj", "{0331E999-9D51-4AB3-B8D9-9192B76E6CF0}"
EndProject
Global
	GlobalSection(SolutionConfigurationPlatforms) = preSolution
		Debug|Any CPU = Debug|Any CPU
		Release|Any CPU = Release|Any CPU
	EndGlobalSection
	GlobalSection(ProjectConfigurationPlatforms) = postSolution
		{0331E999-9D51-4AB3-B8D9-9192B76E6CF0}.Debug|Any CPU.ActiveCfg = Debug|Any CPU
		{0331E999-9D51-4AB3-B8D9-9192B76E6CF0}.Debug|Any CPU.Build.0 = Debug|Any CPU
		{0331E999-9D51-4AB3-B8D9-9192B76E6CF0}.Release|Any CPU.ActiveCfg = Release|Any CPU
		{0331E999-9D51-4AB3-B8D9-9192B76E6CF0}.Release|Any CPU.Build.0 = Release|Any CPU
	EndGlobalSection
	GlobalSection(SolutionProperties) = preSolution
		HideSolutionNode = FALSE
	EndGlobalSection
	GlobalSection(ExtensibilityGlobals) = postSolution
		SolutionGuid = {A2113B3F-3DA1-4C02-9297-A86E4698BC6B}
	EndGlobalSection
EndGlobal
